
Microsoft Visual Studio Solution File, Format Version 12.00
Project("{2150E333-8FDC-42A3-9474-1A3956D46DE8}") = "AoC_2023", "AoC_2023", "{E76FEADA-1AB4-4DE9-AE66-603A640F75FD}"
EndProject
Project("{FAE04EC0-301F-11D3-BF4B-00C04F79EFBC}") = "Day1", "Day1\Day1.csproj", "{A9C740D9-A469-4AB1-9536-1A12034C1B8B}"
EndProject
Project("{FAE04EC0-301F-11D3-BF4B-00C04F79EFBC}") = "Day2", "Day2\Day2.csproj", "{9106494B-A78D-4965-A785-19DF4D218F76}"
EndProject
Project("{FAE04EC0-301F-11D3-BF4B-00C04F79EFBC}") = "Day3", "Day3\Day3.csproj", "{A0C92045-17F6-42AD-9029-30FB7D92E040}"
EndProject
Global
	GlobalSection(SolutionConfigurationPlatforms) = preSolution
		Debug|Any CPU = Debug|Any CPU
		Release|Any CPU = Release|Any CPU
	EndGlobalSection
	GlobalSection(ProjectConfigurationPlatforms) = postSolution
		{A9C740D9-A469-4AB1-9536-1A12034C1B8B}.Debug|Any CPU.ActiveCfg = Debug|Any CPU
		{A9C740D9-A469-4AB1-9536-1A12034C1B8B}.Debug|Any CPU.Build.0 = Debug|Any CPU
		{A9C740D9-A469-4AB1-9536-1A12034C1B8B}.Release|Any CPU.ActiveCfg = Release|Any CPU
		{A9C740D9-A469-4AB1-9536-1A12034C1B8B}.Release|Any CPU.Build.0 = Release|Any CPU
		{9106494B-A78D-4965-A785-19DF4D218F76}.Debug|Any CPU.ActiveCfg = Debug|Any CPU
		{9106494B-A78D-4965-A785-19DF4D218F76}.Debug|Any CPU.Build.0 = Debug|Any CPU
		{9106494B-A78D-4965-A785-19DF4D218F76}.Release|Any CPU.ActiveCfg = Release|Any CPU
		{9106494B-A78D-4965-A785-19DF4D218F76}.Release|Any CPU.Build.0 = Release|Any CPU
		{A0C92045-17F6-42AD-9029-30FB7D92E040}.Debug|Any CPU.ActiveCfg = Debug|Any CPU
		{A0C92045-17F6-42AD-9029-30FB7D92E040}.Debug|Any CPU.Build.0 = Debug|Any CPU
		{A0C92045-17F6-42AD-9029-30FB7D92E040}.Release|Any CPU.ActiveCfg = Release|Any CPU
		{A0C92045-17F6-42AD-9029-30FB7D92E040}.Release|Any CPU.Build.0 = Release|Any CPU
	EndGlobalSection
	GlobalSection(NestedProjects) = preSolution
		{A9C740D9-A469-4AB1-9536-1A12034C1B8B} = {E76FEADA-1AB4-4DE9-AE66-603A640F75FD}
		{9106494B-A78D-4965-A785-19DF4D218F76} = {E76FEADA-1AB4-4DE9-AE66-603A640F75FD}
		{A0C92045-17F6-42AD-9029-30FB7D92E040} = {E76FEADA-1AB4-4DE9-AE66-603A640F75FD}
	EndGlobalSection
EndGlobal
